
Microsoft Visual Studio Solution File, Format Version 12.00
# Visual Studio Version 16
VisualStudioVersion = 16.0.30320.27
MinimumVisualStudioVersion = 10.0.40219.1
Project("{FAE04EC0-301F-11D3-BF4B-00C04F79EFBC}") = "Banking_Application", "Banking_Application\Banking_Application.csproj", "{329CB66F-7F46-429B-891C-077BC605B300}"
EndProject
Global
	GlobalSection(SolutionConfigurationPlatforms) = preSolution
		Debug|Any CPU = Debug|Any CPU
		Release|Any CPU = Release|Any CPU
	EndGlobalSection
	GlobalSection(ProjectConfigurationPlatforms) = postSolution
		{329CB66F-7F46-429B-891C-077BC605B300}.Debug|Any CPU.ActiveCfg = Debug|Any CPU
		{329CB66F-7F46-429B-891C-077BC605B300}.Debug|Any CPU.Build.0 = Debug|Any CPU
		{329CB66F-7F46-429B-891C-077BC605B300}.Release|Any CPU.ActiveCfg = Release|Any CPU
		{329CB66F-7F46-429B-891C-077BC605B300}.Release|Any CPU.Build.0 = Release|Any CPU
	EndGlobalSection
	GlobalSection(SolutionProperties) = preSolution
		HideSolutionNode = FALSE
	EndGlobalSection
	GlobalSection(ExtensibilityGlobals) = postSolution
		SolutionGuid = {C612CDF0-521A-4018-A177-3B665843EC9F}
	EndGlobalSection
EndGlobal
